// !$*UTF8*$!
{
	archiveVersion = 1;
	classes = {
	};
	objectVersion = 56;
	objects = {

/* Begin PBXBuildFile section */
		A10000000000000000000001 /* RedwingApp.swift in Sources */ = {isa = PBXBuildFile; fileRef = A10000000000000000000011 /* RedwingApp.swift */; };
		A10000000000000000000002 /* AppRootModel.swift in Sources */ = {isa = PBXBuildFile; fileRef = A10000000000000000000012 /* AppRootModel.swift */; };
		A10000000000000000000003 /* RedwingEnvironment.swift in Sources */ = {isa = PBXBuildFile; fileRef = A10000000000000000000013 /* RedwingEnvironment.swift */; };
		A10000000000000000000004 /* SmokeTests.swift in Sources */ = {isa = PBXBuildFile; fileRef = A10000000000000000000014 /* SmokeTests.swift */; };
		A10000000000000000000005 /* WebexSwiftSDK in Frameworks */ = {isa = PBXBuildFile; productRef = A10000000000000000000061 /* WebexSwiftSDK */; };
		A10000000000000000000006 /* DiagnosticsStoreTests.swift in Sources */ = {isa = PBXBuildFile; fileRef = A10000000000000000000018 /* DiagnosticsStoreTests.swift */; };
		A10000000000000000000007 /* DiagnosticsStore.swift in Sources */ = {isa = PBXBuildFile; fileRef = A10000000000000000000019 /* DiagnosticsStore.swift */; };
		A10000000000000000000008 /* SessionStatus.swift in Sources */ = {isa = PBXBuildFile; fileRef = A1000000000000000000001A /* SessionStatus.swift */; };
		A10000000000000000000009 /* SetupValidationTests.swift in Sources */ = {isa = PBXBuildFile; fileRef = A1000000000000000000001B /* SetupValidationTests.swift */; };
		A1000000000000000000000A /* SetupCredentials.swift in Sources */ = {isa = PBXBuildFile; fileRef = A1000000000000000000001C /* SetupCredentials.swift */; };
		A1000000000000000000000B /* SetupValidation.swift in Sources */ = {isa = PBXBuildFile; fileRef = A1000000000000000000001D /* SetupValidation.swift */; };
		A1000000000000000000000C /* AsyncStreamTestSupport.swift in Sources */ = {isa = PBXBuildFile; fileRef = A1000000000000000000001E /* AsyncStreamTestSupport.swift */; };
		A1000000000000000000000D /* FakeWebexClientProviding.swift in Sources */ = {isa = PBXBuildFile; fileRef = A1000000000000000000001F /* FakeWebexClientProviding.swift */; };
		A1000000000000000000000E /* WebexClientProviding.swift in Sources */ = {isa = PBXBuildFile; fileRef = A10000000000000000000020 /* WebexClientProviding.swift */; };
		A1000000000000000000000F /* FakeWebexClientProvidingTests.swift in Sources */ = {isa = PBXBuildFile; fileRef = A1000000000000000000002E /* FakeWebexClientProvidingTests.swift */; };
		B50000000000000000000003 /* AccountSession.swift in Sources */ = {isa = PBXBuildFile; fileRef = B50000000000000000000004 /* AccountSession.swift */; };
		B50000000000000000000001 /* AccountSessionTests.swift in Sources */ = {isa = PBXBuildFile; fileRef = B50000000000000000000002 /* AccountSessionTests.swift */; };
		C60000000000000000000001 /* SpacesCoordinatorTests.swift in Sources */ = {isa = PBXBuildFile; fileRef = C60000000000000000000002 /* SpacesCoordinatorTests.swift */; };
		C60000000000000000000003 /* SpaceRowViewModel.swift in Sources */ = {isa = PBXBuildFile; fileRef = C60000000000000000000005 /* SpaceRowViewModel.swift */; };
		C60000000000000000000004 /* SpacesCoordinator.swift in Sources */ = {isa = PBXBuildFile; fileRef = C60000000000000000000006 /* SpacesCoordinator.swift */; };
		D70000000000000000000001 /* ThreadLanePolicyTests.swift in Sources */ = {isa = PBXBuildFile; fileRef = D70000000000000000000002 /* ThreadLanePolicyTests.swift */; };
		D70000000000000000000003 /* MessagesCoordinatorTests.swift in Sources */ = {isa = PBXBuildFile; fileRef = D70000000000000000000004 /* MessagesCoordinatorTests.swift */; };
		D70000000000000000000005 /* MessageRowViewModel.swift in Sources */ = {isa = PBXBuildFile; fileRef = D70000000000000000000006 /* MessageRowViewModel.swift */; };
		D70000000000000000000007 /* ThreadLanePolicy.swift in Sources */ = {isa = PBXBuildFile; fileRef = D70000000000000000000008 /* ThreadLanePolicy.swift */; };
		D70000000000000000000009 /* MessagesCoordinator.swift in Sources */ = {isa = PBXBuildFile; fileRef = D7000000000000000000000A /* MessagesCoordinator.swift */; };
		E80000000000000000000001 /* AttentionFeedStoreTests.swift in Sources */ = {isa = PBXBuildFile; fileRef = E80000000000000000000002 /* AttentionFeedStoreTests.swift */; };
		E80000000000000000000003 /* AttentionItemViewModel.swift in Sources */ = {isa = PBXBuildFile; fileRef = E80000000000000000000005 /* AttentionItemViewModel.swift */; };
		E80000000000000000000004 /* AttentionFeedStore.swift in Sources */ = {isa = PBXBuildFile; fileRef = E80000000000000000000006 /* AttentionFeedStore.swift */; };
		F90000000000000000000001 /* LaneLayoutModelTests.swift in Sources */ = {isa = PBXBuildFile; fileRef = F90000000000000000000002 /* LaneLayoutModelTests.swift */; };
		F90000000000000000000003 /* LaneLayoutModel.swift in Sources */ = {isa = PBXBuildFile; fileRef = F90000000000000000000005 /* LaneLayoutModel.swift */; };
		F90000000000000000000004 /* SkeletonViews.swift in Sources */ = {isa = PBXBuildFile; fileRef = F90000000000000000000006 /* SkeletonViews.swift */; };
		F90000000000000000000008 /* LaneSurfaceView.swift in Sources */ = {isa = PBXBuildFile; fileRef = F90000000000000000000009 /* LaneSurfaceView.swift */; };
		A20000000000000000000001 /* StatusBarView.swift in Sources */ = {isa = PBXBuildFile; fileRef = A20000000000000000000011 /* StatusBarView.swift */; };
		A20000000000000000000002 /* DiagnosticsPanelView.swift in Sources */ = {isa = PBXBuildFile; fileRef = A20000000000000000000012 /* DiagnosticsPanelView.swift */; };
		A20000000000000000000003 /* MenuBarView.swift in Sources */ = {isa = PBXBuildFile; fileRef = A20000000000000000000013 /* MenuBarView.swift */; };
		A20000000000000000000004 /* SetupView.swift in Sources */ = {isa = PBXBuildFile; fileRef = A20000000000000000000014 /* SetupView.swift */; };
/* End PBXBuildFile section */

/* Begin PBXContainerItemProxy section */
		A10000000000000000000021 /* PBXContainerItemProxy */ = {
			isa = PBXContainerItemProxy;
			containerPortal = A10000000000000000000050 /* Project object */;
			proxyType = 1;
			remoteGlobalIDString = A10000000000000000000031;
			remoteInfo = Redwing;
		};
/* End PBXContainerItemProxy section */

/* Begin PBXFileReference section */
		A10000000000000000000010 /* Redwing.app */ = {isa = PBXFileReference; explicitFileType = wrapper.application; includeInIndex = 0; path = Redwing.app; sourceTree = BUILT_PRODUCTS_DIR; };
		A10000000000000000000011 /* RedwingApp.swift */ = {isa = PBXFileReference; lastKnownFileType = sourcecode.swift; path = RedwingApp.swift; sourceTree = "<group>"; };
		A10000000000000000000012 /* AppRootModel.swift */ = {isa = PBXFileReference; lastKnownFileType = sourcecode.swift; path = AppRootModel.swift; sourceTree = "<group>"; };
		A10000000000000000000013 /* RedwingEnvironment.swift */ = {isa = PBXFileReference; lastKnownFileType = sourcecode.swift; path = RedwingEnvironment.swift; sourceTree = "<group>"; };
		A10000000000000000000014 /* SmokeTests.swift */ = {isa = PBXFileReference; lastKnownFileType = sourcecode.swift; path = SmokeTests.swift; sourceTree = "<group>"; };
		A10000000000000000000015 /* Info.plist */ = {isa = PBXFileReference; lastKnownFileType = text.plist.xml; path = Info.plist; sourceTree = "<group>"; };
		A10000000000000000000016 /* Redwing.entitlements */ = {isa = PBXFileReference; lastKnownFileType = text.plist.entitlements; path = Redwing.entitlements; sourceTree = "<group>"; };
		A10000000000000000000017 /* RedwingTests.xctest */ = {isa = PBXFileReference; explicitFileType = wrapper.cfbundle; includeInIndex = 0; path = RedwingTests.xctest; sourceTree = BUILT_PRODUCTS_DIR; };
		A10000000000000000000018 /* DiagnosticsStoreTests.swift */ = {isa = PBXFileReference; lastKnownFileType = sourcecode.swift; path = DiagnosticsStoreTests.swift; sourceTree = "<group>"; };
		A10000000000000000000019 /* DiagnosticsStore.swift */ = {isa = PBXFileReference; lastKnownFileType = sourcecode.swift; path = DiagnosticsStore.swift; sourceTree = "<group>"; };
		A1000000000000000000001A /* SessionStatus.swift */ = {isa = PBXFileReference; lastKnownFileType = sourcecode.swift; path = SessionStatus.swift; sourceTree = "<group>"; };
		A1000000000000000000001B /* SetupValidationTests.swift */ = {isa = PBXFileReference; lastKnownFileType = sourcecode.swift; path = SetupValidationTests.swift; sourceTree = "<group>"; };
		A1000000000000000000001C /* SetupCredentials.swift */ = {isa = PBXFileReference; lastKnownFileType = sourcecode.swift; path = SetupCredentials.swift; sourceTree = "<group>"; };
		A1000000000000000000001D /* SetupValidation.swift */ = {isa = PBXFileReference; lastKnownFileType = sourcecode.swift; path = SetupValidation.swift; sourceTree = "<group>"; };
		A1000000000000000000001E /* AsyncStreamTestSupport.swift */ = {isa = PBXFileReference; lastKnownFileType = sourcecode.swift; path = AsyncStreamTestSupport.swift; sourceTree = "<group>"; };
		A1000000000000000000001F /* FakeWebexClientProviding.swift */ = {isa = PBXFileReference; lastKnownFileType = sourcecode.swift; path = FakeWebexClientProviding.swift; sourceTree = "<group>"; };
		A10000000000000000000020 /* WebexClientProviding.swift */ = {isa = PBXFileReference; lastKnownFileType = sourcecode.swift; path = WebexClientProviding.swift; sourceTree = "<group>"; };
		A1000000000000000000002E /* FakeWebexClientProvidingTests.swift */ = {isa = PBXFileReference; lastKnownFileType = sourcecode.swift; path = FakeWebexClientProvidingTests.swift; sourceTree = "<group>"; };
		B50000000000000000000004 /* AccountSession.swift */ = {isa = PBXFileReference; lastKnownFileType = sourcecode.swift; path = AccountSession.swift; sourceTree = "<group>"; };
		B50000000000000000000002 /* AccountSessionTests.swift */ = {isa = PBXFileReference; lastKnownFileType = sourcecode.swift; path = AccountSessionTests.swift; sourceTree = "<group>"; };
		C60000000000000000000002 /* SpacesCoordinatorTests.swift */ = {isa = PBXFileReference; lastKnownFileType = sourcecode.swift; path = SpacesCoordinatorTests.swift; sourceTree = "<group>"; };
		C60000000000000000000005 /* SpaceRowViewModel.swift */ = {isa = PBXFileReference; lastKnownFileType = sourcecode.swift; path = SpaceRowViewModel.swift; sourceTree = "<group>"; };
		C60000000000000000000006 /* SpacesCoordinator.swift */ = {isa = PBXFileReference; lastKnownFileType = sourcecode.swift; path = SpacesCoordinator.swift; sourceTree = "<group>"; };
		D70000000000000000000002 /* ThreadLanePolicyTests.swift */ = {isa = PBXFileReference; lastKnownFileType = sourcecode.swift; path = ThreadLanePolicyTests.swift; sourceTree = "<group>"; };
		D70000000000000000000004 /* MessagesCoordinatorTests.swift */ = {isa = PBXFileReference; lastKnownFileType = sourcecode.swift; path = MessagesCoordinatorTests.swift; sourceTree = "<group>"; };
		D70000000000000000000006 /* MessageRowViewModel.swift */ = {isa = PBXFileReference; lastKnownFileType = sourcecode.swift; path = MessageRowViewModel.swift; sourceTree = "<group>"; };
		D70000000000000000000008 /* ThreadLanePolicy.swift */ = {isa = PBXFileReference; lastKnownFileType = sourcecode.swift; path = ThreadLanePolicy.swift; sourceTree = "<group>"; };
		D7000000000000000000000A /* MessagesCoordinator.swift */ = {isa = PBXFileReference; lastKnownFileType = sourcecode.swift; path = MessagesCoordinator.swift; sourceTree = "<group>"; };
		E80000000000000000000002 /* AttentionFeedStoreTests.swift */ = {isa = PBXFileReference; lastKnownFileType = sourcecode.swift; path = AttentionFeedStoreTests.swift; sourceTree = "<group>"; };
		E80000000000000000000005 /* AttentionItemViewModel.swift */ = {isa = PBXFileReference; lastKnownFileType = sourcecode.swift; path = AttentionItemViewModel.swift; sourceTree = "<group>"; };
		E80000000000000000000006 /* AttentionFeedStore.swift */ = {isa = PBXFileReference; lastKnownFileType = sourcecode.swift; path = AttentionFeedStore.swift; sourceTree = "<group>"; };
		F90000000000000000000002 /* LaneLayoutModelTests.swift */ = {isa = PBXFileReference; lastKnownFileType = sourcecode.swift; path = LaneLayoutModelTests.swift; sourceTree = "<group>"; };
		F90000000000000000000005 /* LaneLayoutModel.swift */ = {isa = PBXFileReference; lastKnownFileType = sourcecode.swift; path = LaneLayoutModel.swift; sourceTree = "<group>"; };
		F90000000000000000000006 /* SkeletonViews.swift */ = {isa = PBXFileReference; lastKnownFileType = sourcecode.swift; path = SkeletonViews.swift; sourceTree = "<group>"; };
		F90000000000000000000009 /* LaneSurfaceView.swift */ = {isa = PBXFileReference; lastKnownFileType = sourcecode.swift; path = LaneSurfaceView.swift; sourceTree = "<group>"; };
		A20000000000000000000011 /* StatusBarView.swift */ = {isa = PBXFileReference; lastKnownFileType = sourcecode.swift; path = StatusBarView.swift; sourceTree = "<group>"; };
		A20000000000000000000012 /* DiagnosticsPanelView.swift */ = {isa = PBXFileReference; lastKnownFileType = sourcecode.swift; path = DiagnosticsPanelView.swift; sourceTree = "<group>"; };
		A20000000000000000000013 /* MenuBarView.swift */ = {isa = PBXFileReference; lastKnownFileType = sourcecode.swift; path = MenuBarView.swift; sourceTree = "<group>"; };
		A20000000000000000000014 /* SetupView.swift */ = {isa = PBXFileReference; lastKnownFileType = sourcecode.swift; path = SetupView.swift; sourceTree = "<group>"; };
/* End PBXFileReference section */

/* Begin PBXFrameworksBuildPhase section */
		A10000000000000000000022 /* Frameworks */ = {
			isa = PBXFrameworksBuildPhase;
			buildActionMask = 2147483647;
			files = (
				A10000000000000000000005 /* WebexSwiftSDK in Frameworks */,
			);
			runOnlyForDeploymentPostprocessing = 0;
		};
		A10000000000000000000023 /* Frameworks */ = {
			isa = PBXFrameworksBuildPhase;
			buildActionMask = 2147483647;
			files = (
			);
			runOnlyForDeploymentPostprocessing = 0;
		};
/* End PBXFrameworksBuildPhase section */

/* Begin PBXGroup section */
		A10000000000000000000024 = {
			isa = PBXGroup;
			children = (
				A10000000000000000000025 /* Redwing */,
				A10000000000000000000026 /* RedwingTests */,
				A10000000000000000000027 /* Products */,
			);
			sourceTree = "<group>";
		};
		A10000000000000000000025 /* Redwing */ = {
			isa = PBXGroup;
			children = (
				A1000000000000000000002D /* Account */,
				A10000000000000000000028 /* App */,
				E80000000000000000000007 /* Attention */,
				A1000000000000000000002A /* Diagnostics */,
				F90000000000000000000007 /* Lanes */,
				D7000000000000000000000B /* Messages */,
				A10000000000000000000029 /* Resources */,
				A1000000000000000000002B /* Setup */,
				C60000000000000000000007 /* Spaces */,
			);
			path = Redwing;
			sourceTree = "<group>";
		};
		A10000000000000000000026 /* RedwingTests */ = {
			isa = PBXGroup;
			children = (
				A1000000000000000000002C /* Fakes */,
				B50000000000000000000002 /* AccountSessionTests.swift */,
				E80000000000000000000002 /* AttentionFeedStoreTests.swift */,
				A10000000000000000000018 /* DiagnosticsStoreTests.swift */,
				A1000000000000000000002E /* FakeWebexClientProvidingTests.swift */,
				F90000000000000000000002 /* LaneLayoutModelTests.swift */,
				D70000000000000000000004 /* MessagesCoordinatorTests.swift */,
				A1000000000000000000001B /* SetupValidationTests.swift */,
				A10000000000000000000014 /* SmokeTests.swift */,
				C60000000000000000000002 /* SpacesCoordinatorTests.swift */,
				D70000000000000000000002 /* ThreadLanePolicyTests.swift */,
			);
			path = RedwingTests;
			sourceTree = "<group>";
		};
		A10000000000000000000027 /* Products */ = {
			isa = PBXGroup;
			children = (
				A10000000000000000000010 /* Redwing.app */,
				A10000000000000000000017 /* RedwingTests.xctest */,
			);
			name = Products;
			sourceTree = "<group>";
		};
		A10000000000000000000028 /* App */ = {
			isa = PBXGroup;
			children = (
				A10000000000000000000012 /* AppRootModel.swift */,
				A10000000000000000000013 /* RedwingEnvironment.swift */,
				A10000000000000000000011 /* RedwingApp.swift */,
			);
			path = App;
			sourceTree = "<group>";
		};
		A10000000000000000000029 /* Resources */ = {
			isa = PBXGroup;
			children = (
				A10000000000000000000015 /* Info.plist */,
				A10000000000000000000016 /* Redwing.entitlements */,
			);
			path = Resources;
			sourceTree = "<group>";
		};
		A1000000000000000000002A /* Diagnostics */ = {
			isa = PBXGroup;
			children = (
				A20000000000000000000012 /* DiagnosticsPanelView.swift */,
				A10000000000000000000019 /* DiagnosticsStore.swift */,
				A1000000000000000000001A /* SessionStatus.swift */,
				A20000000000000000000011 /* StatusBarView.swift */,
			);
			path = Diagnostics;
			sourceTree = "<group>";
		};
		A1000000000000000000002B /* Setup */ = {
			isa = PBXGroup;
			children = (
				A1000000000000000000001C /* SetupCredentials.swift */,
				A1000000000000000000001D /* SetupValidation.swift */,
				A20000000000000000000014 /* SetupView.swift */,
			);
			path = Setup;
			sourceTree = "<group>";
		};
		A1000000000000000000002C /* Fakes */ = {
			isa = PBXGroup;
			children = (
				A1000000000000000000001E /* AsyncStreamTestSupport.swift */,
				A1000000000000000000001F /* FakeWebexClientProviding.swift */,
			);
			path = Fakes;
			sourceTree = "<group>";
		};
		A1000000000000000000002D /* Account */ = {
			isa = PBXGroup;
			children = (
				B50000000000000000000004 /* AccountSession.swift */,
				A10000000000000000000020 /* WebexClientProviding.swift */,
			);
			path = Account;
			sourceTree = "<group>";
		};
		C60000000000000000000007 /* Spaces */ = {
			isa = PBXGroup;
			children = (
				C60000000000000000000005 /* SpaceRowViewModel.swift */,
				C60000000000000000000006 /* SpacesCoordinator.swift */,
			);
			path = Spaces;
			sourceTree = "<group>";
		};
		D7000000000000000000000B /* Messages */ = {
			isa = PBXGroup;
			children = (
				D70000000000000000000006 /* MessageRowViewModel.swift */,
				D7000000000000000000000A /* MessagesCoordinator.swift */,
				D70000000000000000000008 /* ThreadLanePolicy.swift */,
			);
			path = Messages;
			sourceTree = "<group>";
		};
		E80000000000000000000007 /* Attention */ = {
			isa = PBXGroup;
			children = (
				E80000000000000000000006 /* AttentionFeedStore.swift */,
				E80000000000000000000005 /* AttentionItemViewModel.swift */,
				A20000000000000000000013 /* MenuBarView.swift */,
			);
			path = Attention;
			sourceTree = "<group>";
		};
		F90000000000000000000007 /* Lanes */ = {
			isa = PBXGroup;
			children = (
				F90000000000000000000005 /* LaneLayoutModel.swift */,
				F90000000000000000000009 /* LaneSurfaceView.swift */,
				F90000000000000000000006 /* SkeletonViews.swift */,
			);
			path = Lanes;
			sourceTree = "<group>";
		};
/* End PBXGroup section */

/* Begin PBXNativeTarget section */
		A10000000000000000000031 /* Redwing */ = {
			isa = PBXNativeTarget;
			buildConfigurationList = A10000000000000000000041 /* Build configuration list for PBXNativeTarget "Redwing" */;
			buildPhases = (
				A10000000000000000000033 /* Sources */,
				A10000000000000000000022 /* Frameworks */,
				A10000000000000000000034 /* Resources */,
			);
			buildRules = (
			);
			dependencies = (
			);
			name = Redwing;
			packageProductDependencies = (
				A10000000000000000000061 /* WebexSwiftSDK */,
			);
			productName = Redwing;
			productReference = A10000000000000000000010 /* Redwing.app */;
			productType = "com.apple.product-type.application";
		};
		A10000000000000000000032 /* RedwingTests */ = {
			isa = PBXNativeTarget;
			buildConfigurationList = A10000000000000000000042 /* Build configuration list for PBXNativeTarget "RedwingTests" */;
			buildPhases = (
				A10000000000000000000035 /* Sources */,
				A10000000000000000000023 /* Frameworks */,
				A10000000000000000000036 /* Resources */,
			);
			buildRules = (
			);
			dependencies = (
				A10000000000000000000037 /* PBXTargetDependency */,
			);
			name = RedwingTests;
			productName = RedwingTests;
			productReference = A10000000000000000000017 /* RedwingTests.xctest */;
			productType = "com.apple.product-type.bundle.unit-test";
		};
/* End PBXNativeTarget section */

/* Begin PBXProject section */
		A10000000000000000000050 /* Project object */ = {
			isa = PBXProject;
			attributes = {
				BuildIndependentTargetsInParallel = 1;
				LastSwiftUpdateCheck = 1500;
				LastUpgradeCheck = 1500;
				TargetAttributes = {
					A10000000000000000000031 = {
						CreatedOnToolsVersion = 15.0;
					};
					A10000000000000000000032 = {
						CreatedOnToolsVersion = 15.0;
						TestTargetID = A10000000000000000000031;
					};
				};
			};
			buildConfigurationList = A10000000000000000000043 /* Build configuration list for PBXProject "redwing" */;
			compatibilityVersion = "Xcode 14.0";
			developmentRegion = en;
			hasScannedForEncodings = 0;
			knownRegions = (
				en,
				Base,
			);
			mainGroup = A10000000000000000000024;
			packageReferences = (
				A10000000000000000000060 /* XCLocalSwiftPackageReference "../webex-swift-sdk" */,
			);
			productRefGroup = A10000000000000000000027 /* Products */;
			projectDirPath = "";
			projectRoot = "";
			targets = (
				A10000000000000000000031 /* Redwing */,
				A10000000000000000000032 /* RedwingTests */,
			);
		};
/* End PBXProject section */

/* Begin PBXResourcesBuildPhase section */
		A10000000000000000000034 /* Resources */ = {
			isa = PBXResourcesBuildPhase;
			buildActionMask = 2147483647;
			files = (
			);
			runOnlyForDeploymentPostprocessing = 0;
		};
		A10000000000000000000036 /* Resources */ = {
			isa = PBXResourcesBuildPhase;
			buildActionMask = 2147483647;
			files = (
			);
			runOnlyForDeploymentPostprocessing = 0;
		};
/* End PBXResourcesBuildPhase section */

/* Begin PBXSourcesBuildPhase section */
		A10000000000000000000033 /* Sources */ = {
			isa = PBXSourcesBuildPhase;
			buildActionMask = 2147483647;
			files = (
				B50000000000000000000003 /* AccountSession.swift in Sources */,
				A10000000000000000000002 /* AppRootModel.swift in Sources */,
				E80000000000000000000004 /* AttentionFeedStore.swift in Sources */,
				E80000000000000000000003 /* AttentionItemViewModel.swift in Sources */,
				A20000000000000000000002 /* DiagnosticsPanelView.swift in Sources */,
				A10000000000000000000007 /* DiagnosticsStore.swift in Sources */,
				F90000000000000000000003 /* LaneLayoutModel.swift in Sources */,
				F90000000000000000000008 /* LaneSurfaceView.swift in Sources */,
				A20000000000000000000003 /* MenuBarView.swift in Sources */,
				D70000000000000000000005 /* MessageRowViewModel.swift in Sources */,
				D70000000000000000000009 /* MessagesCoordinator.swift in Sources */,
				A10000000000000000000003 /* RedwingEnvironment.swift in Sources */,
				A10000000000000000000001 /* RedwingApp.swift in Sources */,
				A1000000000000000000000A /* SetupCredentials.swift in Sources */,
				A1000000000000000000000B /* SetupValidation.swift in Sources */,
				A20000000000000000000004 /* SetupView.swift in Sources */,
				A10000000000000000000008 /* SessionStatus.swift in Sources */,
				F90000000000000000000004 /* SkeletonViews.swift in Sources */,
				C60000000000000000000003 /* SpaceRowViewModel.swift in Sources */,
				C60000000000000000000004 /* SpacesCoordinator.swift in Sources */,
				A20000000000000000000001 /* StatusBarView.swift in Sources */,
				D70000000000000000000007 /* ThreadLanePolicy.swift in Sources */,
				A1000000000000000000000E /* WebexClientProviding.swift in Sources */,
			);
			runOnlyForDeploymentPostprocessing = 0;
		};
		A10000000000000000000035 /* Sources */ = {
			isa = PBXSourcesBuildPhase;
			buildActionMask = 2147483647;
			files = (
				B50000000000000000000001 /* AccountSessionTests.swift in Sources */,
				A1000000000000000000000C /* AsyncStreamTestSupport.swift in Sources */,
				E80000000000000000000001 /* AttentionFeedStoreTests.swift in Sources */,
				A10000000000000000000006 /* DiagnosticsStoreTests.swift in Sources */,
				A1000000000000000000000D /* FakeWebexClientProviding.swift in Sources */,
				A1000000000000000000000F /* FakeWebexClientProvidingTests.swift in Sources */,
				F90000000000000000000001 /* LaneLayoutModelTests.swift in Sources */,
				D70000000000000000000003 /* MessagesCoordinatorTests.swift in Sources */,
				A10000000000000000000009 /* SetupValidationTests.swift in Sources */,
				A10000000000000000000004 /* SmokeTests.swift in Sources */,
				C60000000000000000000001 /* SpacesCoordinatorTests.swift in Sources */,
				D70000000000000000000001 /* ThreadLanePolicyTests.swift in Sources */,
			);
			runOnlyForDeploymentPostprocessing = 0;
		};
/* End PBXSourcesBuildPhase section */

/* Begin PBXTargetDependency section */
		A10000000000000000000037 /* PBXTargetDependency */ = {
			isa = PBXTargetDependency;
			target = A10000000000000000000031 /* Redwing */;
			targetProxy = A10000000000000000000021 /* PBXContainerItemProxy */;
		};
/* End PBXTargetDependency section */

/* Begin XCBuildConfiguration section */
		A10000000000000000000044 /* Debug */ = {
			isa = XCBuildConfiguration;
			buildSettings = {
				ALWAYS_SEARCH_USER_PATHS = NO;
				CLANG_ANALYZER_NONNULL = YES;
				CLANG_ANALYZER_NUMBER_OBJECT_CONVERSION = YES_AGGRESSIVE;
				CLANG_CXX_LANGUAGE_STANDARD = "gnu++20";
				CLANG_ENABLE_MODULES = YES;
				CLANG_ENABLE_OBJC_ARC = YES;
				CLANG_ENABLE_OBJC_WEAK = YES;
				CLANG_WARN_BLOCK_CAPTURE_AUTORELEASING = YES;
				CLANG_WARN_BOOL_CONVERSION = YES;
				CLANG_WARN_COMMA = YES;
				CLANG_WARN_CONSTANT_CONVERSION = YES;
				CLANG_WARN_DEPRECATED_OBJC_IMPLEMENTATIONS = YES;
				CLANG_WARN_DIRECT_OBJC_ISA_USAGE = YES_ERROR;
				CLANG_WARN_DOCUMENTATION_COMMENTS = YES;
				CLANG_WARN_EMPTY_BODY = YES;
				CLANG_WARN_ENUM_CONVERSION = YES;
				CLANG_WARN_INFINITE_RECURSION = YES;
				CLANG_WARN_INT_CONVERSION = YES;
				CLANG_WARN_NON_LITERAL_NULL_CONVERSION = YES;
				CLANG_WARN_OBJC_IMPLICIT_RETAIN_SELF = YES;
				CLANG_WARN_OBJC_LITERAL_CONVERSION = YES;
				CLANG_WARN_OBJC_ROOT_CLASS = YES_ERROR;
				CLANG_WARN_QUOTED_INCLUDE_IN_FRAMEWORK_HEADER = YES;
				CLANG_WARN_RANGE_LOOP_ANALYSIS = YES;
				CLANG_WARN_STRICT_PROTOTYPES = YES;
				CLANG_WARN_SUSPICIOUS_MOVE = YES;
				CLANG_WARN_UNGUARDED_AVAILABILITY = YES_AGGRESSIVE;
				CLANG_WARN_UNREACHABLE_CODE = YES;
				CLANG_WARN__DUPLICATE_METHOD_MATCH = YES;
				COPY_PHASE_STRIP = NO;
				DEBUG_INFORMATION_FORMAT = dwarf;
				ENABLE_STRICT_OBJC_MSGSEND = YES;
				ENABLE_TESTABILITY = YES;
				ENABLE_USER_SCRIPT_SANDBOXING = YES;
				GCC_C_LANGUAGE_STANDARD = gnu17;
				GCC_DYNAMIC_NO_PIC = NO;
				GCC_NO_COMMON_BLOCKS = YES;
				GCC_OPTIMIZATION_LEVEL = 0;
				GCC_PREPROCESSOR_DEFINITIONS = (
					"DEBUG=1",
					"$(inherited)",
				);
				GCC_WARN_64_TO_32_BIT_CONVERSION = YES;
				GCC_WARN_ABOUT_RETURN_TYPE = YES_ERROR;
				GCC_WARN_UNDECLARED_SELECTOR = YES;
				GCC_WARN_UNINITIALIZED_AUTOS = YES_AGGRESSIVE;
				GCC_WARN_UNUSED_FUNCTION = YES;
				GCC_WARN_UNUSED_VARIABLE = YES;
				MACOSX_DEPLOYMENT_TARGET = 14.0;
				MTL_ENABLE_DEBUG_INFO = INCLUDE_SOURCE;
				MTL_FAST_MATH = YES;
				ONLY_ACTIVE_ARCH = YES;
				SDKROOT = macosx;
				SWIFT_ACTIVE_COMPILATION_CONDITIONS = DEBUG;
			};
			name = Debug;
		};
		A10000000000000000000045 /* Release */ = {
			isa = XCBuildConfiguration;
			buildSettings = {
				ALWAYS_SEARCH_USER_PATHS = NO;
				CLANG_ANALYZER_NONNULL = YES;
				CLANG_ANALYZER_NUMBER_OBJECT_CONVERSION = YES_AGGRESSIVE;
				CLANG_CXX_LANGUAGE_STANDARD = "gnu++20";
				CLANG_ENABLE_MODULES = YES;
				CLANG_ENABLE_OBJC_ARC = YES;
				CLANG_ENABLE_OBJC_WEAK = YES;
				CLANG_WARN_BLOCK_CAPTURE_AUTORELEASING = YES;
				CLANG_WARN_BOOL_CONVERSION = YES;
				CLANG_WARN_COMMA = YES;
				CLANG_WARN_CONSTANT_CONVERSION = YES;
				CLANG_WARN_DEPRECATED_OBJC_IMPLEMENTATIONS = YES;
				CLANG_WARN_DIRECT_OBJC_ISA_USAGE = YES_ERROR;
				CLANG_WARN_DOCUMENTATION_COMMENTS = YES;
				CLANG_WARN_EMPTY_BODY = YES;
				CLANG_WARN_ENUM_CONVERSION = YES;
				CLANG_WARN_INFINITE_RECURSION = YES;
				CLANG_WARN_INT_CONVERSION = YES;
				CLANG_WARN_NON_LITERAL_NULL_CONVERSION = YES;
				CLANG_WARN_OBJC_IMPLICIT_RETAIN_SELF = YES;
				CLANG_WARN_OBJC_LITERAL_CONVERSION = YES;
				CLANG_WARN_OBJC_ROOT_CLASS = YES_ERROR;
				CLANG_WARN_QUOTED_INCLUDE_IN_FRAMEWORK_HEADER = YES;
				CLANG_WARN_RANGE_LOOP_ANALYSIS = YES;
				CLANG_WARN_STRICT_PROTOTYPES = YES;
				CLANG_WARN_SUSPICIOUS_MOVE = YES;
				CLANG_WARN_UNGUARDED_AVAILABILITY = YES_AGGRESSIVE;
				CLANG_WARN_UNREACHABLE_CODE = YES;
				CLANG_WARN__DUPLICATE_METHOD_MATCH = YES;
				COPY_PHASE_STRIP = NO;
				DEBUG_INFORMATION_FORMAT = "dwarf-with-dsym";
				ENABLE_NS_ASSERTIONS = NO;
				ENABLE_STRICT_OBJC_MSGSEND = YES;
				ENABLE_USER_SCRIPT_SANDBOXING = YES;
				GCC_C_LANGUAGE_STANDARD = gnu17;
				GCC_NO_COMMON_BLOCKS = YES;
				GCC_WARN_64_TO_32_BIT_CONVERSION = YES;
				GCC_WARN_ABOUT_RETURN_TYPE = YES_ERROR;
				GCC_WARN_UNDECLARED_SELECTOR = YES;
				GCC_WARN_UNINITIALIZED_AUTOS = YES_AGGRESSIVE;
				GCC_WARN_UNUSED_FUNCTION = YES;
				GCC_WARN_UNUSED_VARIABLE = YES;
				MACOSX_DEPLOYMENT_TARGET = 14.0;
				MTL_ENABLE_DEBUG_INFO = NO;
				MTL_FAST_MATH = YES;
				SDKROOT = macosx;
				SWIFT_COMPILATION_MODE = wholemodule;
			};
			name = Release;
		};
		A10000000000000000000046 /* Debug */ = {
			isa = XCBuildConfiguration;
			buildSettings = {
				ASSETCATALOG_COMPILER_APPICON_NAME = AppIcon;
				CODE_SIGN_ENTITLEMENTS = Redwing/Resources/Redwing.entitlements;
				CODE_SIGN_STYLE = Automatic;
				COMBINE_HIDPI_IMAGES = YES;
				CURRENT_PROJECT_VERSION = 1;
				DEVELOPMENT_TEAM = "";
				ENABLE_HARDENED_RUNTIME = NO;
				GENERATE_INFOPLIST_FILE = NO;
				INFOPLIST_FILE = Redwing/Resources/Info.plist;
				LD_RUNPATH_SEARCH_PATHS = (
					"$(inherited)",
					"@executable_path/../Frameworks",
				);
				MARKETING_VERSION = 0.1.0;
				PRODUCT_BUNDLE_IDENTIFIER = com.mechaharry.redwing;
				PRODUCT_NAME = "$(TARGET_NAME)";
				SWIFT_EMIT_LOC_STRINGS = YES;
				SWIFT_VERSION = 5.0;
			};
			name = Debug;
		};
		A10000000000000000000047 /* Release */ = {
			isa = XCBuildConfiguration;
			buildSettings = {
				ASSETCATALOG_COMPILER_APPICON_NAME = AppIcon;
				CODE_SIGN_ENTITLEMENTS = Redwing/Resources/Redwing.entitlements;
				CODE_SIGN_STYLE = Automatic;
				COMBINE_HIDPI_IMAGES = YES;
				CURRENT_PROJECT_VERSION = 1;
				DEVELOPMENT_TEAM = "";
				ENABLE_HARDENED_RUNTIME = YES;
				GENERATE_INFOPLIST_FILE = NO;
				INFOPLIST_FILE = Redwing/Resources/Info.plist;
				LD_RUNPATH_SEARCH_PATHS = (
					"$(inherited)",
					"@executable_path/../Frameworks",
				);
				MARKETING_VERSION = 0.1.0;
				PRODUCT_BUNDLE_IDENTIFIER = com.mechaharry.redwing;
				PRODUCT_NAME = "$(TARGET_NAME)";
				SWIFT_EMIT_LOC_STRINGS = YES;
				SWIFT_VERSION = 5.0;
			};
			name = Release;
		};
		A10000000000000000000048 /* Debug */ = {
			isa = XCBuildConfiguration;
			buildSettings = {
				BUNDLE_LOADER = "$(TEST_HOST)";
				CODE_SIGN_STYLE = Automatic;
				CURRENT_PROJECT_VERSION = 1;
				DEVELOPMENT_TEAM = "";
				GENERATE_INFOPLIST_FILE = YES;
				LD_RUNPATH_SEARCH_PATHS = (
					"$(inherited)",
					"@executable_path/../Frameworks",
					"@loader_path/../Frameworks",
				);
				MARKETING_VERSION = 0.1.0;
				PRODUCT_BUNDLE_IDENTIFIER = com.mechaharry.redwing.tests;
				PRODUCT_NAME = "$(TARGET_NAME)";
				SWIFT_VERSION = 5.0;
				TEST_HOST = "$(BUILT_PRODUCTS_DIR)/Redwing.app/$(BUNDLE_EXECUTABLE_FOLDER_PATH)/Redwing";
			};
			name = Debug;
		};
		A10000000000000000000049 /* Release */ = {
			isa = XCBuildConfiguration;
			buildSettings = {
				BUNDLE_LOADER = "$(TEST_HOST)";
				CODE_SIGN_STYLE = Automatic;
				CURRENT_PROJECT_VERSION = 1;
				DEVELOPMENT_TEAM = "";
				GENERATE_INFOPLIST_FILE = YES;
				LD_RUNPATH_SEARCH_PATHS = (
					"$(inherited)",
					"@executable_path/../Frameworks",
					"@loader_path/../Frameworks",
				);
				MARKETING_VERSION = 0.1.0;
				PRODUCT_BUNDLE_IDENTIFIER = com.mechaharry.redwing.tests;
				PRODUCT_NAME = "$(TARGET_NAME)";
				SWIFT_VERSION = 5.0;
				TEST_HOST = "$(BUILT_PRODUCTS_DIR)/Redwing.app/$(BUNDLE_EXECUTABLE_FOLDER_PATH)/Redwing";
			};
			name = Release;
		};
/* End XCBuildConfiguration section */

/* Begin XCConfigurationList section */
		A10000000000000000000041 /* Build configuration list for PBXNativeTarget "Redwing" */ = {
			isa = XCConfigurationList;
			buildConfigurations = (
				A10000000000000000000046 /* Debug */,
				A10000000000000000000047 /* Release */,
			);
			defaultConfigurationIsVisible = 0;
			defaultConfigurationName = Release;
		};
		A10000000000000000000042 /* Build configuration list for PBXNativeTarget "RedwingTests" */ = {
			isa = XCConfigurationList;
			buildConfigurations = (
				A10000000000000000000048 /* Debug */,
				A10000000000000000000049 /* Release */,
			);
			defaultConfigurationIsVisible = 0;
			defaultConfigurationName = Release;
		};
		A10000000000000000000043 /* Build configuration list for PBXProject "redwing" */ = {
			isa = XCConfigurationList;
			buildConfigurations = (
				A10000000000000000000044 /* Debug */,
				A10000000000000000000045 /* Release */,
			);
			defaultConfigurationIsVisible = 0;
			defaultConfigurationName = Release;
		};
/* End XCConfigurationList section */

/* Begin XCLocalSwiftPackageReference section */
		A10000000000000000000060 /* XCLocalSwiftPackageReference "../webex-swift-sdk" */ = {
			isa = XCLocalSwiftPackageReference;
			relativePath = "../webex-swift-sdk";
		};
/* End XCLocalSwiftPackageReference section */

/* Begin XCSwiftPackageProductDependency section */
		A10000000000000000000061 /* WebexSwiftSDK */ = {
			isa = XCSwiftPackageProductDependency;
			package = A10000000000000000000060 /* XCLocalSwiftPackageReference "../webex-swift-sdk" */;
			productName = WebexSwiftSDK;
		};
/* End XCSwiftPackageProductDependency section */
	};
	rootObject = A10000000000000000000050 /* Project object */;
}
